// !$*UTF8*$!
{
	archiveVersion = 1;
	classes = {
	};
	objectVersion = 56;
	objects = {

/* Begin PBXBuildFile section */
		8D2F55072B8B8E3800783E03 /* GamePreviewViewController.swift in Sources */ = {isa = PBXBuildFile; fileRef = 8D2F55062B8B8E3800783E03 /* GamePreviewViewController.swift */; };
		8D3A22282B8928E400E4FB9E /* SearchResultsViewController.swift in Sources */ = {isa = PBXBuildFile; fileRef = 8D3A22272B8928E400E4FB9E /* SearchResultsViewController.swift */; };
		8D3A222A2B892ECC00E4FB9E /* GameDetailListViewCell.swift in Sources */ = {isa = PBXBuildFile; fileRef = 8D3A22292B892ECC00E4FB9E /* GameDetailListViewCell.swift */; };
		8D5752762B95521500FA1FB6 /* CategoryNameListTableViewCell.swift in Sources */ = {isa = PBXBuildFile; fileRef = 8D5752752B95521500FA1FB6 /* CategoryNameListTableViewCell.swift */; };
		8D73EBA72B9F69A800E2A618 /* Game.swift in Sources */ = {isa = PBXBuildFile; fileRef = 8D73EBA62B9F69A800E2A618 /* Game.swift */; };
		8D73EBAA2B9F6DAA00E2A618 /* GameModel.xcdatamodeld in Sources */ = {isa = PBXBuildFile; fileRef = 8D73EBA82B9F6DAA00E2A618 /* GameModel.xcdatamodeld */; };
		8D82F1EE2B87671A0050E8AA /* HeaderGameUIView.swift in Sources */ = {isa = PBXBuildFile; fileRef = 8D82F1ED2B87671A0050E8AA /* HeaderGameUIView.swift */; };
		8D82F1F02B8779760050E8AA /* GamesTableViewCell.swift in Sources */ = {isa = PBXBuildFile; fileRef = 8D82F1EF2B8779760050E8AA /* GamesTableViewCell.swift */; };
		8D8E43EE2B86393600DAB7DE /* AppDelegate.swift in Sources */ = {isa = PBXBuildFile; fileRef = 8D8E43ED2B86393600DAB7DE /* AppDelegate.swift */; };
		8D8E43F02B86393600DAB7DE /* SceneDelegate.swift in Sources */ = {isa = PBXBuildFile; fileRef = 8D8E43EF2B86393600DAB7DE /* SceneDelegate.swift */; };
		8D8E43F22B86393600DAB7DE /* HomeViewController.swift in Sources */ = {isa = PBXBuildFile; fileRef = 8D8E43F12B86393600DAB7DE /* HomeViewController.swift */; };
		8D8E43F72B86393700DAB7DE /* Assets.xcassets in Resources */ = {isa = PBXBuildFile; fileRef = 8D8E43F62B86393700DAB7DE /* Assets.xcassets */; };
		8D8E43FA2B86393700DAB7DE /* LaunchScreen.storyboard in Resources */ = {isa = PBXBuildFile; fileRef = 8D8E43F82B86393700DAB7DE /* LaunchScreen.storyboard */; };
		8D8E44022B863FF500DAB7DE /* MainTabBarViewController.swift in Sources */ = {isa = PBXBuildFile; fileRef = 8D8E44012B863FF500DAB7DE /* MainTabBarViewController.swift */; };
		8D8E44042B8643E700DAB7DE /* SearchViewController.swift in Sources */ = {isa = PBXBuildFile; fileRef = 8D8E44032B8643E700DAB7DE /* SearchViewController.swift */; };
		8D8E44062B86444D00DAB7DE /* BrowseGamesViewController.swift in Sources */ = {isa = PBXBuildFile; fileRef = 8D8E44052B86444D00DAB7DE /* BrowseGamesViewController.swift */; };
		8D8E44082B86450300DAB7DE /* CategoryViewController.swift in Sources */ = {isa = PBXBuildFile; fileRef = 8D8E44072B86450300DAB7DE /* CategoryViewController.swift */; };
		8DCFD7972B9A36A400C3D3A7 /* CategoryDetailViewController.swift in Sources */ = {isa = PBXBuildFile; fileRef = 8DCFD7962B9A36A400C3D3A7 /* CategoryDetailViewController.swift */; };
		8DD754ED2BA0CFD9004080B1 /* APICaller.swift in Sources */ = {isa = PBXBuildFile; fileRef = 8DD754EC2BA0CFD9004080B1 /* APICaller.swift */; };
		8DD754F02BA0DD80004080B1 /* GameViewModel.swift in Sources */ = {isa = PBXBuildFile; fileRef = 8DD754EF2BA0DD80004080B1 /* GameViewModel.swift */; };
		8DD754F32BA0E045004080B1 /* SDWebImage in Frameworks */ = {isa = PBXBuildFile; productRef = 8DD754F22BA0E045004080B1 /* SDWebImage */; };
		8DD754F52BA0E045004080B1 /* SDWebImageMapKit in Frameworks */ = {isa = PBXBuildFile; productRef = 8DD754F42BA0E045004080B1 /* SDWebImageMapKit */; };
/* End PBXBuildFile section */

/* Begin PBXFileReference section */
		8D2F55062B8B8E3800783E03 /* GamePreviewViewController.swift */ = {isa = PBXFileReference; lastKnownFileType = sourcecode.swift; path = GamePreviewViewController.swift; sourceTree = "<group>"; };
		8D3A22272B8928E400E4FB9E /* SearchResultsViewController.swift */ = {isa = PBXFileReference; lastKnownFileType = sourcecode.swift; path = SearchResultsViewController.swift; sourceTree = "<group>"; };
		8D3A22292B892ECC00E4FB9E /* GameDetailListViewCell.swift */ = {isa = PBXFileReference; lastKnownFileType = sourcecode.swift; path = GameDetailListViewCell.swift; sourceTree = "<group>"; };
		8D5752752B95521500FA1FB6 /* CategoryNameListTableViewCell.swift */ = {isa = PBXFileReference; lastKnownFileType = sourcecode.swift; path = CategoryNameListTableViewCell.swift; sourceTree = "<group>"; };
		8D73EBA62B9F69A800E2A618 /* Game.swift */ = {isa = PBXFileReference; lastKnownFileType = sourcecode.swift; path = Game.swift; sourceTree = "<group>"; };
		8D73EBA92B9F6DAA00E2A618 /* GameModel.xcdatamodel */ = {isa = PBXFileReference; lastKnownFileType = wrapper.xcdatamodel; path = GameModel.xcdatamodel; sourceTree = "<group>"; };
		8D82F1ED2B87671A0050E8AA /* HeaderGameUIView.swift */ = {isa = PBXFileReference; lastKnownFileType = sourcecode.swift; path = HeaderGameUIView.swift; sourceTree = "<group>"; };
		8D82F1EF2B8779760050E8AA /* GamesTableViewCell.swift */ = {isa = PBXFileReference; lastKnownFileType = sourcecode.swift; path = GamesTableViewCell.swift; sourceTree = "<group>"; };
		8D8E43EA2B86393600DAB7DE /* 4free!.app */ = {isa = PBXFileReference; explicitFileType = wrapper.application; includeInIndex = 0; path = "4free!.app"; sourceTree = BUILT_PRODUCTS_DIR; };
		8D8E43ED2B86393600DAB7DE /* AppDelegate.swift */ = {isa = PBXFileReference; lastKnownFileType = sourcecode.swift; path = AppDelegate.swift; sourceTree = "<group>"; };
		8D8E43EF2B86393600DAB7DE /* SceneDelegate.swift */ = {isa = PBXFileReference; lastKnownFileType = sourcecode.swift; path = SceneDelegate.swift; sourceTree = "<group>"; };
		8D8E43F12B86393600DAB7DE /* HomeViewController.swift */ = {isa = PBXFileReference; lastKnownFileType = sourcecode.swift; path = HomeViewController.swift; sourceTree = "<group>"; };
		8D8E43F62B86393700DAB7DE /* Assets.xcassets */ = {isa = PBXFileReference; lastKnownFileType = folder.assetcatalog; path = Assets.xcassets; sourceTree = "<group>"; };
		8D8E43F92B86393700DAB7DE /* Base */ = {isa = PBXFileReference; lastKnownFileType = file.storyboard; name = Base; path = Base.lproj/LaunchScreen.storyboard; sourceTree = "<group>"; };
		8D8E43FB2B86393700DAB7DE /* Info.plist */ = {isa = PBXFileReference; lastKnownFileType = text.plist.xml; path = Info.plist; sourceTree = "<group>"; };
		8D8E44012B863FF500DAB7DE /* MainTabBarViewController.swift */ = {isa = PBXFileReference; lastKnownFileType = sourcecode.swift; path = MainTabBarViewController.swift; sourceTree = "<group>"; };
		8D8E44032B8643E700DAB7DE /* SearchViewController.swift */ = {isa = PBXFileReference; lastKnownFileType = sourcecode.swift; path = SearchViewController.swift; sourceTree = "<group>"; };
		8D8E44052B86444D00DAB7DE /* BrowseGamesViewController.swift */ = {isa = PBXFileReference; lastKnownFileType = sourcecode.swift; path = BrowseGamesViewController.swift; sourceTree = "<group>"; };
		8D8E44072B86450300DAB7DE /* CategoryViewController.swift */ = {isa = PBXFileReference; lastKnownFileType = sourcecode.swift; path = CategoryViewController.swift; sourceTree = "<group>"; };
		8DCFD7962B9A36A400C3D3A7 /* CategoryDetailViewController.swift */ = {isa = PBXFileReference; lastKnownFileType = sourcecode.swift; path = CategoryDetailViewController.swift; sourceTree = "<group>"; };
		8DD754EC2BA0CFD9004080B1 /* APICaller.swift */ = {isa = PBXFileReference; lastKnownFileType = sourcecode.swift; path = APICaller.swift; sourceTree = "<group>"; };
		8DD754EF2BA0DD80004080B1 /* GameViewModel.swift */ = {isa = PBXFileReference; lastKnownFileType = sourcecode.swift; path = GameViewModel.swift; sourceTree = "<group>"; };
/* End PBXFileReference section */

/* Begin PBXFrameworksBuildPhase section */
		8D8E43E72B86393600DAB7DE /* Frameworks */ = {
			isa = PBXFrameworksBuildPhase;
			buildActionMask = 2147483647;
			files = (
				8DD754F52BA0E045004080B1 /* SDWebImageMapKit in Frameworks */,
				8DD754F32BA0E045004080B1 /* SDWebImage in Frameworks */,
			);
			runOnlyForDeploymentPostprocessing = 0;
		};
/* End PBXFrameworksBuildPhase section */

/* Begin PBXGroup section */
		8D73EBA52B9F698900E2A618 /* Models */ = {
			isa = PBXGroup;
			children = (
				8D73EBA62B9F69A800E2A618 /* Game.swift */,
			);
			path = Models;
			sourceTree = "<group>";
		};
		8D82F1EC2B8766BA0050E8AA /* Views */ = {
			isa = PBXGroup;
			children = (
				8D82F1ED2B87671A0050E8AA /* HeaderGameUIView.swift */,
				8D82F1EF2B8779760050E8AA /* GamesTableViewCell.swift */,
				8D3A22292B892ECC00E4FB9E /* GameDetailListViewCell.swift */,
				8D5752752B95521500FA1FB6 /* CategoryNameListTableViewCell.swift */,
			);
			path = Views;
			sourceTree = "<group>";
		};
		8D8E43E12B86393600DAB7DE = {
			isa = PBXGroup;
			children = (
				8D8E43EC2B86393600DAB7DE /* 4free! */,
				8D8E43EB2B86393600DAB7DE /* Products */,
			);
			sourceTree = "<group>";
		};
		8D8E43EB2B86393600DAB7DE /* Products */ = {
			isa = PBXGroup;
			children = (
				8D8E43EA2B86393600DAB7DE /* 4free!.app */,
			);
			name = Products;
			sourceTree = "<group>";
		};
		8D8E43EC2B86393600DAB7DE /* 4free! */ = {
			isa = PBXGroup;
			children = (
				8DD754EB2BA0CF91004080B1 /* Managers */,
				8D73EBA52B9F698900E2A618 /* Models */,
				8D82F1EC2B8766BA0050E8AA /* Views */,
				8DD754EE2BA0DC08004080B1 /* ViewModel */,
				8D8E44092B86484200DAB7DE /* Controllers */,
				8D8E43ED2B86393600DAB7DE /* AppDelegate.swift */,
				8D8E43EF2B86393600DAB7DE /* SceneDelegate.swift */,
				8D8E43F62B86393700DAB7DE /* Assets.xcassets */,
				8D8E43F82B86393700DAB7DE /* LaunchScreen.storyboard */,
				8D8E43FB2B86393700DAB7DE /* Info.plist */,
				8D73EBA82B9F6DAA00E2A618 /* GameModel.xcdatamodeld */,
			);
			path = "4free!";
			sourceTree = "<group>";
		};
		8D8E44092B86484200DAB7DE /* Controllers */ = {
			isa = PBXGroup;
			children = (
				8D8E440A2B86485200DAB7DE /* General */,
				8D8E440B2B86486200DAB7DE /* Core */,
			);
			path = Controllers;
			sourceTree = "<group>";
		};
		8D8E440A2B86485200DAB7DE /* General */ = {
			isa = PBXGroup;
			children = (
				8D8E44012B863FF500DAB7DE /* MainTabBarViewController.swift */,
				8D3A22272B8928E400E4FB9E /* SearchResultsViewController.swift */,
				8D2F55062B8B8E3800783E03 /* GamePreviewViewController.swift */,
				8DCFD7962B9A36A400C3D3A7 /* CategoryDetailViewController.swift */,
			);
			path = General;
			sourceTree = "<group>";
		};
		8D8E440B2B86486200DAB7DE /* Core */ = {
			isa = PBXGroup;
			children = (
				8D8E43F12B86393600DAB7DE /* HomeViewController.swift */,
				8D8E44032B8643E700DAB7DE /* SearchViewController.swift */,
				8D8E44072B86450300DAB7DE /* CategoryViewController.swift */,
				8D8E44052B86444D00DAB7DE /* BrowseGamesViewController.swift */,
			);
			path = Core;
			sourceTree = "<group>";
		};
		8DD754EB2BA0CF91004080B1 /* Managers */ = {
			isa = PBXGroup;
			children = (
				8DD754EC2BA0CFD9004080B1 /* APICaller.swift */,
			);
			path = Managers;
			sourceTree = "<group>";
		};
		8DD754EE2BA0DC08004080B1 /* ViewModel */ = {
			isa = PBXGroup;
			children = (
				8DD754EF2BA0DD80004080B1 /* GameViewModel.swift */,
			);
			path = ViewModel;
			sourceTree = "<group>";
		};
/* End PBXGroup section */

/* Begin PBXNativeTarget section */
		8D8E43E92B86393600DAB7DE /* 4free! */ = {
			isa = PBXNativeTarget;
			buildConfigurationList = 8D8E43FE2B86393700DAB7DE /* Build configuration list for PBXNativeTarget "4free!" */;
			buildPhases = (
				8D8E43E62B86393600DAB7DE /* Sources */,
				8D8E43E72B86393600DAB7DE /* Frameworks */,
				8D8E43E82B86393600DAB7DE /* Resources */,
			);
			buildRules = (
			);
			dependencies = (
			);
			name = "4free!";
			packageProductDependencies = (
				8DD754F22BA0E045004080B1 /* SDWebImage */,
				8DD754F42BA0E045004080B1 /* SDWebImageMapKit */,
			);
			productName = "4free!";
			productReference = 8D8E43EA2B86393600DAB7DE /* 4free!.app */;
			productType = "com.apple.product-type.application";
		};
/* End PBXNativeTarget section */

/* Begin PBXProject section */
		8D8E43E22B86393600DAB7DE /* Project object */ = {
			isa = PBXProject;
			attributes = {
				BuildIndependentTargetsInParallel = 1;
				LastSwiftUpdateCheck = 1500;
				LastUpgradeCheck = 1500;
				TargetAttributes = {
					8D8E43E92B86393600DAB7DE = {
						CreatedOnToolsVersion = 15.0.1;
					};
				};
			};
			buildConfigurationList = 8D8E43E52B86393600DAB7DE /* Build configuration list for PBXProject "4free!" */;
			compatibilityVersion = "Xcode 14.0";
			developmentRegion = en;
			hasScannedForEncodings = 0;
			knownRegions = (
				en,
				Base,
			);
			mainGroup = 8D8E43E12B86393600DAB7DE;
			packageReferences = (
				8DD754F12BA0E044004080B1 /* XCRemoteSwiftPackageReference "SDWebImage" */,
			);
			productRefGroup = 8D8E43EB2B86393600DAB7DE /* Products */;
			projectDirPath = "";
			projectRoot = "";
			targets = (
				8D8E43E92B86393600DAB7DE /* 4free! */,
			);
		};
/* End PBXProject section */

/* Begin PBXResourcesBuildPhase section */
		8D8E43E82B86393600DAB7DE /* Resources */ = {
			isa = PBXResourcesBuildPhase;
			buildActionMask = 2147483647;
			files = (
				8D8E43FA2B86393700DAB7DE /* LaunchScreen.storyboard in Resources */,
				8D8E43F72B86393700DAB7DE /* Assets.xcassets in Resources */,
			);
			runOnlyForDeploymentPostprocessing = 0;
		};
/* End PBXResourcesBuildPhase section */

/* Begin PBXSourcesBuildPhase section */
		8D8E43E62B86393600DAB7DE /* Sources */ = {
			isa = PBXSourcesBuildPhase;
			buildActionMask = 2147483647;
			files = (
				8DD754F02BA0DD80004080B1 /* GameViewModel.swift in Sources */,
				8D8E44042B8643E700DAB7DE /* SearchViewController.swift in Sources */,
				8D8E43F22B86393600DAB7DE /* HomeViewController.swift in Sources */,
				8D3A22282B8928E400E4FB9E /* SearchResultsViewController.swift in Sources */,
				8D73EBA72B9F69A800E2A618 /* Game.swift in Sources */,
				8D82F1F02B8779760050E8AA /* GamesTableViewCell.swift in Sources */,
				8D8E44082B86450300DAB7DE /* CategoryViewController.swift in Sources */,
				8D5752762B95521500FA1FB6 /* CategoryNameListTableViewCell.swift in Sources */,
				8D2F55072B8B8E3800783E03 /* GamePreviewViewController.swift in Sources */,
				8D8E44022B863FF500DAB7DE /* MainTabBarViewController.swift in Sources */,
				8D73EBAA2B9F6DAA00E2A618 /* GameModel.xcdatamodeld in Sources */,
				8D8E43EE2B86393600DAB7DE /* AppDelegate.swift in Sources */,
				8D8E44062B86444D00DAB7DE /* BrowseGamesViewController.swift in Sources */,
				8D3A222A2B892ECC00E4FB9E /* GameDetailListViewCell.swift in Sources */,
				8D82F1EE2B87671A0050E8AA /* HeaderGameUIView.swift in Sources */,
				8DD754ED2BA0CFD9004080B1 /* APICaller.swift in Sources */,
				8D8E43F02B86393600DAB7DE /* SceneDelegate.swift in Sources */,
				8DCFD7972B9A36A400C3D3A7 /* CategoryDetailViewController.swift in Sources */,
			);
			runOnlyForDeploymentPostprocessing = 0;
		};
/* End PBXSourcesBuildPhase section */

/* Begin PBXVariantGroup section */
		8D8E43F82B86393700DAB7DE /* LaunchScreen.storyboard */ = {
			isa = PBXVariantGroup;
			children = (
				8D8E43F92B86393700DAB7DE /* Base */,
			);
			name = LaunchScreen.storyboard;
			sourceTree = "<group>";
		};
/* End PBXVariantGroup section */

/* Begin XCBuildConfiguration section */
		8D8E43FC2B86393700DAB7DE /* Debug */ = {
			isa = XCBuildConfiguration;
			buildSettings = {
				ALWAYS_SEARCH_USER_PATHS = NO;
				ASSETCATALOG_COMPILER_GENERATE_SWIFT_ASSET_SYMBOL_EXTENSIONS = YES;
				CLANG_ANALYZER_NONNULL = YES;
				CLANG_ANALYZER_NUMBER_OBJECT_CONVERSION = YES_AGGRESSIVE;
				CLANG_CXX_LANGUAGE_STANDARD = "gnu++20";
				CLANG_ENABLE_MODULES = YES;
				CLANG_ENABLE_OBJC_ARC = YES;
				CLANG_ENABLE_OBJC_WEAK = YES;
				CLANG_WARN_BLOCK_CAPTURE_AUTORELEASING = YES;
				CLANG_WARN_BOOL_CONVERSION = YES;
				CLANG_WARN_COMMA = YES;
				CLANG_WARN_CONSTANT_CONVERSION = YES;
				CLANG_WARN_DEPRECATED_OBJC_IMPLEMENTATIONS = YES;
				CLANG_WARN_DIRECT_OBJC_ISA_USAGE = YES_ERROR;
				CLANG_WARN_DOCUMENTATION_COMMENTS = YES;
				CLANG_WARN_EMPTY_BODY = YES;
				CLANG_WARN_ENUM_CONVERSION = YES;
				CLANG_WARN_INFINITE_RECURSION = YES;
				CLANG_WARN_INT_CONVERSION = YES;
				CLANG_WARN_NON_LITERAL_NULL_CONVERSION = YES;
				CLANG_WARN_OBJC_IMPLICIT_RETAIN_SELF = YES;
				CLANG_WARN_OBJC_LITERAL_CONVERSION = YES;
				CLANG_WARN_OBJC_ROOT_CLASS = YES_ERROR;
				CLANG_WARN_QUOTED_INCLUDE_IN_FRAMEWORK_HEADER = YES;
				CLANG_WARN_RANGE_LOOP_ANALYSIS = YES;
				CLANG_WARN_STRICT_PROTOTYPES = YES;
				CLANG_WARN_SUSPICIOUS_MOVE = YES;
				CLANG_WARN_UNGUARDED_AVAILABILITY = YES_AGGRESSIVE;
				CLANG_WARN_UNREACHABLE_CODE = YES;
				CLANG_WARN__DUPLICATE_METHOD_MATCH = YES;
				COPY_PHASE_STRIP = NO;
				DEBUG_INFORMATION_FORMAT = dwarf;
				ENABLE_STRICT_OBJC_MSGSEND = YES;
				ENABLE_TESTABILITY = YES;
				ENABLE_USER_SCRIPT_SANDBOXING = YES;
				GCC_C_LANGUAGE_STANDARD = gnu17;
				GCC_DYNAMIC_NO_PIC = NO;
				GCC_NO_COMMON_BLOCKS = YES;
				GCC_OPTIMIZATION_LEVEL = 0;
				GCC_PREPROCESSOR_DEFINITIONS = (
					"DEBUG=1",
					"$(inherited)",
				);
				GCC_WARN_64_TO_32_BIT_CONVERSION = YES;
				GCC_WARN_ABOUT_RETURN_TYPE = YES_ERROR;
				GCC_WARN_UNDECLARED_SELECTOR = YES;
				GCC_WARN_UNINITIALIZED_AUTOS = YES_AGGRESSIVE;
				GCC_WARN_UNUSED_FUNCTION = YES;
				GCC_WARN_UNUSED_VARIABLE = YES;
				IPHONEOS_DEPLOYMENT_TARGET = 17.0;
				LOCALIZATION_PREFERS_STRING_CATALOGS = YES;
				MTL_ENABLE_DEBUG_INFO = INCLUDE_SOURCE;
				MTL_FAST_MATH = YES;
				ONLY_ACTIVE_ARCH = YES;
				SDKROOT = iphoneos;
				SWIFT_ACTIVE_COMPILATION_CONDITIONS = "DEBUG $(inherited)";
				SWIFT_OPTIMIZATION_LEVEL = "-Onone";
			};
			name = Debug;
		};
		8D8E43FD2B86393700DAB7DE /* Release */ = {
			isa = XCBuildConfiguration;
			buildSettings = {
				ALWAYS_SEARCH_USER_PATHS = NO;
				ASSETCATALOG_COMPILER_GENERATE_SWIFT_ASSET_SYMBOL_EXTENSIONS = YES;
				CLANG_ANALYZER_NONNULL = YES;
				CLANG_ANALYZER_NUMBER_OBJECT_CONVERSION = YES_AGGRESSIVE;
				CLANG_CXX_LANGUAGE_STANDARD = "gnu++20";
				CLANG_ENABLE_MODULES = YES;
				CLANG_ENABLE_OBJC_ARC = YES;
				CLANG_ENABLE_OBJC_WEAK = YES;
				CLANG_WARN_BLOCK_CAPTURE_AUTORELEASING = YES;
				CLANG_WARN_BOOL_CONVERSION = YES;
				CLANG_WARN_COMMA = YES;
				CLANG_WARN_CONSTANT_CONVERSION = YES;
				CLANG_WARN_DEPRECATED_OBJC_IMPLEMENTATIONS = YES;
				CLANG_WARN_DIRECT_OBJC_ISA_USAGE = YES_ERROR;
				CLANG_WARN_DOCUMENTATION_COMMENTS = YES;
				CLANG_WARN_EMPTY_BODY = YES;
				CLANG_WARN_ENUM_CONVERSION = YES;
				CLANG_WARN_INFINITE_RECURSION = YES;
				CLANG_WARN_INT_CONVERSION = YES;
				CLANG_WARN_NON_LITERAL_NULL_CONVERSION = YES;
				CLANG_WARN_OBJC_IMPLICIT_RETAIN_SELF = YES;
				CLANG_WARN_OBJC_LITERAL_CONVERSION = YES;
				CLANG_WARN_OBJC_ROOT_CLASS = YES_ERROR;
				CLANG_WARN_QUOTED_INCLUDE_IN_FRAMEWORK_HEADER = YES;
				CLANG_WARN_RANGE_LOOP_ANALYSIS = YES;
				CLANG_WARN_STRICT_PROTOTYPES = YES;
				CLANG_WARN_SUSPICIOUS_MOVE = YES;
				CLANG_WARN_UNGUARDED_AVAILABILITY = YES_AGGRESSIVE;
				CLANG_WARN_UNREACHABLE_CODE = YES;
				CLANG_WARN__DUPLICATE_METHOD_MATCH = YES;
				COPY_PHASE_STRIP = NO;
				DEBUG_INFORMATION_FORMAT = "dwarf-with-dsym";
				ENABLE_NS_ASSERTIONS = NO;
				ENABLE_STRICT_OBJC_MSGSEND = YES;
				ENABLE_USER_SCRIPT_SANDBOXING = YES;
				GCC_C_LANGUAGE_STANDARD = gnu17;
				GCC_NO_COMMON_BLOCKS = YES;
				GCC_WARN_64_TO_32_BIT_CONVERSION = YES;
				GCC_WARN_ABOUT_RETURN_TYPE = YES_ERROR;
				GCC_WARN_UNDECLARED_SELECTOR = YES;
				GCC_WARN_UNINITIALIZED_AUTOS = YES_AGGRESSIVE;
				GCC_WARN_UNUSED_FUNCTION = YES;
				GCC_WARN_UNUSED_VARIABLE = YES;
				IPHONEOS_DEPLOYMENT_TARGET = 17.0;
				LOCALIZATION_PREFERS_STRING_CATALOGS = YES;
				MTL_ENABLE_DEBUG_INFO = NO;
				MTL_FAST_MATH = YES;
				SDKROOT = iphoneos;
				SWIFT_COMPILATION_MODE = wholemodule;
				VALIDATE_PRODUCT = YES;
			};
			name = Release;
		};
		8D8E43FF2B86393700DAB7DE /* Debug */ = {
			isa = XCBuildConfiguration;
			buildSettings = {
				ASSETCATALOG_COMPILER_APPICON_NAME = AppIcon;
				ASSETCATALOG_COMPILER_GLOBAL_ACCENT_COLOR_NAME = AccentColor;
				CODE_SIGN_STYLE = Automatic;
				CURRENT_PROJECT_VERSION = 1;
				GENERATE_INFOPLIST_FILE = YES;
				INFOPLIST_FILE = "4free!/Info.plist";
				INFOPLIST_KEY_UIApplicationSupportsIndirectInputEvents = YES;
				INFOPLIST_KEY_UILaunchStoryboardName = LaunchScreen;
				INFOPLIST_KEY_UISupportedInterfaceOrientations_iPad = "UIInterfaceOrientationPortrait UIInterfaceOrientationPortraitUpsideDown UIInterfaceOrientationLandscapeLeft UIInterfaceOrientationLandscapeRight";
				INFOPLIST_KEY_UISupportedInterfaceOrientations_iPhone = "UIInterfaceOrientationPortrait UIInterfaceOrientationLandscapeLeft UIInterfaceOrientationLandscapeRight";
				LD_RUNPATH_SEARCH_PATHS = (
					"$(inherited)",
					"@executable_path/Frameworks",
				);
				MARKETING_VERSION = 1.0;
				PRODUCT_BUNDLE_IDENTIFIER = "com.leoios.-free-";
				PRODUCT_NAME = "$(TARGET_NAME)";
				SWIFT_EMIT_LOC_STRINGS = YES;
				SWIFT_VERSION = 5.0;
				TARGETED_DEVICE_FAMILY = "1,2";
			};
			name = Debug;
		};
		8D8E44002B86393700DAB7DE /* Release */ = {
			isa = XCBuildConfiguration;
			buildSettings = {
				ASSETCATALOG_COMPILER_APPICON_NAME = AppIcon;
				ASSETCATALOG_COMPILER_GLOBAL_ACCENT_COLOR_NAME = AccentColor;
				CODE_SIGN_STYLE = Automatic;
				CURRENT_PROJECT_VERSION = 1;
				GENERATE_INFOPLIST_FILE = YES;
				INFOPLIST_FILE = "4free!/Info.plist";
				INFOPLIST_KEY_UIApplicationSupportsIndirectInputEvents = YES;
				INFOPLIST_KEY_UILaunchStoryboardName = LaunchScreen;
				INFOPLIST_KEY_UISupportedInterfaceOrientations_iPad = "UIInterfaceOrientationPortrait UIInterfaceOrientationPortraitUpsideDown UIInterfaceOrientationLandscapeLeft UIInterfaceOrientationLandscapeRight";
				INFOPLIST_KEY_UISupportedInterfaceOrientations_iPhone = "UIInterfaceOrientationPortrait UIInterfaceOrientationLandscapeLeft UIInterfaceOrientationLandscapeRight";
				LD_RUNPATH_SEARCH_PATHS = (
					"$(inherited)",
					"@executable_path/Frameworks",
				);
				MARKETING_VERSION = 1.0;
				PRODUCT_BUNDLE_IDENTIFIER = "com.leoios.-free-";
				PRODUCT_NAME = "$(TARGET_NAME)";
				SWIFT_EMIT_LOC_STRINGS = YES;
				SWIFT_VERSION = 5.0;
				TARGETED_DEVICE_FAMILY = "1,2";
			};
			name = Release;
		};
/* End XCBuildConfiguration section */

/* Begin XCConfigurationList section */
		8D8E43E52B86393600DAB7DE /* Build configuration list for PBXProject "4free!" */ = {
			isa = XCConfigurationList;
			buildConfigurations = (
				8D8E43FC2B86393700DAB7DE /* Debug */,
				8D8E43FD2B86393700DAB7DE /* Release */,
			);
			defaultConfigurationIsVisible = 0;
			defaultConfigurationName = Release;
		};
		8D8E43FE2B86393700DAB7DE /* Build configuration list for PBXNativeTarget "4free!" */ = {
			isa = XCConfigurationList;
			buildConfigurations = (
				8D8E43FF2B86393700DAB7DE /* Debug */,
				8D8E44002B86393700DAB7DE /* Release */,
			);
			defaultConfigurationIsVisible = 0;
			defaultConfigurationName = Release;
		};
/* End XCConfigurationList section */

/* Begin XCRemoteSwiftPackageReference section */
		8DD754F12BA0E044004080B1 /* XCRemoteSwiftPackageReference "SDWebImage" */ = {
			isa = XCRemoteSwiftPackageReference;
			repositoryURL = "https://github.com/SDWebImage/SDWebImage.git";
			requirement = {
				kind = upToNextMajorVersion;
				minimumVersion = 5.19.0;
			};
		};
/* End XCRemoteSwiftPackageReference section */

/* Begin XCSwiftPackageProductDependency section */
		8DD754F22BA0E045004080B1 /* SDWebImage */ = {
			isa = XCSwiftPackageProductDependency;
			package = 8DD754F12BA0E044004080B1 /* XCRemoteSwiftPackageReference "SDWebImage" */;
			productName = SDWebImage;
		};
		8DD754F42BA0E045004080B1 /* SDWebImageMapKit */ = {
			isa = XCSwiftPackageProductDependency;
			package = 8DD754F12BA0E044004080B1 /* XCRemoteSwiftPackageReference "SDWebImage" */;
			productName = SDWebImageMapKit;
		};
/* End XCSwiftPackageProductDependency section */

/* Begin XCVersionGroup section */
		8D73EBA82B9F6DAA00E2A618 /* GameModel.xcdatamodeld */ = {
			isa = XCVersionGroup;
			children = (
				8D73EBA92B9F6DAA00E2A618 /* GameModel.xcdatamodel */,
			);
			currentVersion = 8D73EBA92B9F6DAA00E2A618 /* GameModel.xcdatamodel */;
			path = GameModel.xcdatamodeld;
			sourceTree = "<group>";
			versionGroupType = wrapper.xcdatamodel;
		};
/* End XCVersionGroup section */
	};
	rootObject = 8D8E43E22B86393600DAB7DE /* Project object */;
}
